
Microsoft Visual Studio Solution File, Format Version 12.00
# Visual Studio Version 16
VisualStudioVersion = 16.0.30907.101
MinimumVisualStudioVersion = 10.0.40219.1
Project("{9A19103F-16F7-4668-BE54-9A1E7A4F7556}") = "KampIntro", "KampIntro\KampIntro.csproj", "{38BDB11F-8DCB-44CE-818C-E5C3D783094A}"
EndProject
Project("{9A19103F-16F7-4668-BE54-9A1E7A4F7556}") = "Donguler", "Donguler\Donguler.csproj", "{1457DF67-A832-4CC5-B98C-EFA73D9CCA64}"
EndProject
Project("{9A19103F-16F7-4668-BE54-9A1E7A4F7556}") = "ClassIntro", "ClassIntro\ClassIntro.csproj", "{5E1D3A7F-1F9E-4C88-B1F6-997CD7DE73AE}"
EndProject
Project("{9A19103F-16F7-4668-BE54-9A1E7A4F7556}") = "Metotlar", "Metotlar\Metotlar.csproj", "{C859BF4F-CE56-43D4-8729-9DABFCE110D0}"
EndProject
Project("{9A19103F-16F7-4668-BE54-9A1E7A4F7556}") = "Matematik", "Matematik\Matematik.csproj", "{9381460E-2463-43C1-B153-DBED75AFEAEA}"
EndProject
Project("{9A19103F-16F7-4668-BE54-9A1E7A4F7556}") = "DegerVeReferansTipler", "DegerVeReferansTipler\DegerVeReferansTipler.csproj", "{1168359C-21B1-42BC-8D46-5BA2885E8CE6}"
EndProject
Project("{9A19103F-16F7-4668-BE54-9A1E7A4F7556}") = "OOP1", "OOP1\OOP1.csproj", "{82816CFB-832E-44A7-92B3-B48A69BDBC31}"
EndProject
Project("{9A19103F-16F7-4668-BE54-9A1E7A4F7556}") = "Collections", "Collections\Collections.csproj", "{704F77E0-D27A-492E-B635-904560853A63}"
EndProject
Project("{9A19103F-16F7-4668-BE54-9A1E7A4F7556}") = "GenericsIntro", "GenericsIntro\GenericsIntro.csproj", "{7012CF8F-6309-4643-A7E0-290E0FB0088D}"
EndProject
Project("{9A19103F-16F7-4668-BE54-9A1E7A4F7556}") = "OOP2", "OOP2\OOP2.csproj", "{81D7BF44-C3C4-4532-8CBB-73FAE01435F5}"
EndProject
Project("{FAE04EC0-301F-11D3-BF4B-00C04F79EFBC}") = "OOP3", "OOP3\OOP3.csproj", "{D44EFBB9-34DE-4C79-AE95-CB92063A7589}"
EndProject
Global
	GlobalSection(SolutionConfigurationPlatforms) = preSolution
		Debug|Any CPU = Debug|Any CPU
		Release|Any CPU = Release|Any CPU
	EndGlobalSection
	GlobalSection(ProjectConfigurationPlatforms) = postSolution
		{38BDB11F-8DCB-44CE-818C-E5C3D783094A}.Debug|Any CPU.ActiveCfg = Debug|Any CPU
		{38BDB11F-8DCB-44CE-818C-E5C3D783094A}.Debug|Any CPU.Build.0 = Debug|Any CPU
		{38BDB11F-8DCB-44CE-818C-E5C3D783094A}.Release|Any CPU.ActiveCfg = Release|Any CPU
		{38BDB11F-8DCB-44CE-818C-E5C3D783094A}.Release|Any CPU.Build.0 = Release|Any CPU
		{1457DF67-A832-4CC5-B98C-EFA73D9CCA64}.Debug|Any CPU.ActiveCfg = Debug|Any CPU
		{1457DF67-A832-4CC5-B98C-EFA73D9CCA64}.Debug|Any CPU.Build.0 = Debug|Any CPU
		{1457DF67-A832-4CC5-B98C-EFA73D9CCA64}.Release|Any CPU.ActiveCfg = Release|Any CPU
		{1457DF67-A832-4CC5-B98C-EFA73D9CCA64}.Release|Any CPU.Build.0 = Release|Any CPU
		{5E1D3A7F-1F9E-4C88-B1F6-997CD7DE73AE}.Debug|Any CPU.ActiveCfg = Debug|Any CPU
		{5E1D3A7F-1F9E-4C88-B1F6-997CD7DE73AE}.Debug|Any CPU.Build.0 = Debug|Any CPU
		{5E1D3A7F-1F9E-4C88-B1F6-997CD7DE73AE}.Release|Any CPU.ActiveCfg = Release|Any CPU
		{5E1D3A7F-1F9E-4C88-B1F6-997CD7DE73AE}.Release|Any CPU.Build.0 = Release|Any CPU
		{C859BF4F-CE56-43D4-8729-9DABFCE110D0}.Debug|Any CPU.ActiveCfg = Debug|Any CPU
		{C859BF4F-CE56-43D4-8729-9DABFCE110D0}.Debug|Any CPU.Build.0 = Debug|Any CPU
		{C859BF4F-CE56-43D4-8729-9DABFCE110D0}.Release|Any CPU.ActiveCfg = Release|Any CPU
		{C859BF4F-CE56-43D4-8729-9DABFCE110D0}.Release|Any CPU.Build.0 = Release|Any CPU
		{9381460E-2463-43C1-B153-DBED75AFEAEA}.Debug|Any CPU.ActiveCfg = Debug|Any CPU
		{9381460E-2463-43C1-B153-DBED75AFEAEA}.Debug|Any CPU.Build.0 = Debug|Any CPU
		{9381460E-2463-43C1-B153-DBED75AFEAEA}.Release|Any CPU.ActiveCfg = Release|Any CPU
		{9381460E-2463-43C1-B153-DBED75AFEAEA}.Release|Any CPU.Build.0 = Release|Any CPU
		{1168359C-21B1-42BC-8D46-5BA2885E8CE6}.Debug|Any CPU.ActiveCfg = Debug|Any CPU
		{1168359C-21B1-42BC-8D46-5BA2885E8CE6}.Debug|Any CPU.Build.0 = Debug|Any CPU
		{1168359C-21B1-42BC-8D46-5BA2885E8CE6}.Release|Any CPU.ActiveCfg = Release|Any CPU
		{1168359C-21B1-42BC-8D46-5BA2885E8CE6}.Release|Any CPU.Build.0 = Release|Any CPU
		{82816CFB-832E-44A7-92B3-B48A69BDBC31}.Debug|Any CPU.ActiveCfg = Debug|Any CPU
		{82816CFB-832E-44A7-92B3-B48A69BDBC31}.Debug|Any CPU.Build.0 = Debug|Any CPU
		{82816CFB-832E-44A7-92B3-B48A69BDBC31}.Release|Any CPU.ActiveCfg = Release|Any CPU
		{82816CFB-832E-44A7-92B3-B48A69BDBC31}.Release|Any CPU.Build.0 = Release|Any CPU
		{704F77E0-D27A-492E-B635-904560853A63}.Debug|Any CPU.ActiveCfg = Debug|Any CPU
		{704F77E0-D27A-492E-B635-904560853A63}.Debug|Any CPU.Build.0 = Debug|Any CPU
		{704F77E0-D27A-492E-B635-904560853A63}.Release|Any CPU.ActiveCfg = Release|Any CPU
		{704F77E0-D27A-492E-B635-904560853A63}.Release|Any CPU.Build.0 = Release|Any CPU
		{7012CF8F-6309-4643-A7E0-290E0FB0088D}.Debug|Any CPU.ActiveCfg = Debug|Any CPU
		{7012CF8F-6309-4643-A7E0-290E0FB0088D}.Debug|Any CPU.Build.0 = Debug|Any CPU
		{7012CF8F-6309-4643-A7E0-290E0FB0088D}.Release|Any CPU.ActiveCfg = Release|Any CPU
		{7012CF8F-6309-4643-A7E0-290E0FB0088D}.Release|Any CPU.Build.0 = Release|Any CPU
		{81D7BF44-C3C4-4532-8CBB-73FAE01435F5}.Debug|Any CPU.ActiveCfg = Debug|Any CPU
		{81D7BF44-C3C4-4532-8CBB-73FAE01435F5}.Debug|Any CPU.Build.0 = Debug|Any CPU
		{81D7BF44-C3C4-4532-8CBB-73FAE01435F5}.Release|Any CPU.ActiveCfg = Release|Any CPU
		{81D7BF44-C3C4-4532-8CBB-73FAE01435F5}.Release|Any CPU.Build.0 = Release|Any CPU
		{D44EFBB9-34DE-4C79-AE95-CB92063A7589}.Debug|Any CPU.ActiveCfg = Debug|Any CPU
		{D44EFBB9-34DE-4C79-AE95-CB92063A7589}.Debug|Any CPU.Build.0 = Debug|Any CPU
		{D44EFBB9-34DE-4C79-AE95-CB92063A7589}.Release|Any CPU.ActiveCfg = Release|Any CPU
		{D44EFBB9-34DE-4C79-AE95-CB92063A7589}.Release|Any CPU.Build.0 = Release|Any CPU
	EndGlobalSection
	GlobalSection(SolutionProperties) = preSolution
		HideSolutionNode = FALSE
	EndGlobalSection
	GlobalSection(ExtensibilityGlobals) = postSolution
		SolutionGuid = {BBF795AC-70D7-4DC1-83D6-02A5640264C8}
	EndGlobalSection
EndGlobal
